
Microsoft Visual Studio Solution File, Format Version 12.00
# Visual Studio Version 17
VisualStudioVersion = 17.1.32421.90
MinimumVisualStudioVersion = 10.0.40219.1
Project("{FAE04EC0-301F-11D3-BF4B-00C04F79EFBC}") = "admin", "admin.csproj", "{38B14379-1426-4AAB-B129-9F5A7D40C9FA}"
EndProject
Global
	GlobalSection(SolutionConfigurationPlatforms) = preSolution
		Debug|Any CPU = Debug|Any CPU
		Release|Any CPU = Release|Any CPU
	EndGlobalSection
	GlobalSection(ProjectConfigurationPlatforms) = postSolution
		{38B14379-1426-4AAB-B129-9F5A7D40C9FA}.Debug|Any CPU.ActiveCfg = Debug|Any CPU
		{38B14379-1426-4AAB-B129-9F5A7D40C9FA}.Debug|Any CPU.Build.0 = Debug|Any CPU
		{38B14379-1426-4AAB-B129-9F5A7D40C9FA}.Release|Any CPU.ActiveCfg = Release|Any CPU
		{38B14379-1426-4AAB-B129-9F5A7D40C9FA}.Release|Any CPU.Build.0 = Release|Any CPU
	EndGlobalSection
	GlobalSection(SolutionProperties) = preSolution
		HideSolutionNode = FALSE
	EndGlobalSection
	GlobalSection(ExtensibilityGlobals) = postSolution
		SolutionGuid = {A9D85E8F-881A-4F85-A845-AD390CBF46CC}
	EndGlobalSection
EndGlobal
